lockfileVersion: '9.0'

settings:
  autoInstallPeers: true
  excludeLinksFromLockfile: false

importers:

  .:
    dependencies:
      '@lancedb/lancedb':
        specifier: ^0.17.0
        version: 0.17.0(apache-arrow@17.0.0)
      '@llamaindex/openai':
        specifier: ^0.4.0
        version: 0.4.0(@llamaindex/core@0.6.6)(@llamaindex/env@0.1.30)(zod@3.25.17)
      apache-arrow:
        specifier: ^17.0.0
        version: 17.0.0
      dotenv:
        specifier: ^16.4.5
        version: 16.5.0
      llamaindex:
        specifier: ^0.11.1
        version: 0.11.1(@llama-flow/core@0.4.1(p-retry@6.2.1)(zod@3.25.17))(tree-sitter@0.22.4)(web-tree-sitter@0.24.7)(zod@3.25.17)
      openai:
        specifier: ^4.100.0
        version: 4.100.0(zod@3.25.17)

packages:

  '@aws-crypto/sha256-js@5.2.0':
    resolution: {integrity: sha512-FFQQyu7edu4ufvIZ+OadFpHHOt+eSTBaYaki44c+akjg7qZg9oOQeLlk77F6tSYqjDAFClrHJk9tMf0HdVyOvA==}
    engines: {node: '>=16.0.0'}

  '@aws-crypto/util@5.2.0':
    resolution: {integrity: sha512-4RkU9EsI6ZpBve5fseQlGNUWKMa1RLPQ1dnjnQoe07ldfIzcsGb5hC5W0Dm7u423KWzawlrpbjXBrXCEv9zazQ==}

  '@aws-sdk/types@3.804.0':
    resolution: {integrity: sha512-A9qnsy9zQ8G89vrPPlNG9d1d8QcKRGqJKqwyGgS0dclJpwy6d1EWgQLIolKPl6vcFpLoe6avLOLxr+h8ur5wpg==}
    engines: {node: '>=18.0.0'}

  '@lancedb/lancedb-darwin-arm64@0.17.0':
    resolution: {integrity: sha512-lYzjA9ZX5VEr2TjSIVS2CutI+VjD0InnoyI2cbPESM3qIrjR+qOLG5dt2TFRzQZdzAbWHaB61Mr43yZv//KUag==}
    engines: {node: '>= 18'}
    cpu: [arm64]
    os: [darwin]

  '@lancedb/lancedb-darwin-x64@0.17.0':
    resolution: {integrity: sha512-yZeTQth/y2IoOWCAViK5V0ZWUWII1Me5eICJUkXw+0U62IMniOsQUbVXQOPViTe/9hyvlIS3GFw6gAqBZETuaA==}
    engines: {node: '>= 18'}
    cpu: [x64]
    os: [darwin]

  '@lancedb/lancedb-linux-arm64-gnu@0.17.0':
    resolution: {integrity: sha512-AZ+jkFqzzDmOUEuQVRz5Qc+PxEGD7CLnmvHaK05dx+yMg//767n1ffUO8YcNGuYeaWwq5SjAvVBT1azbOvME2w==}
    engines: {node: '>= 18'}
    cpu: [arm64]
    os: [linux]

  '@lancedb/lancedb-linux-arm64-musl@0.17.0':
    resolution: {integrity: sha512-2MBtQuX9BFO14WC49Tsp5W8IajKf7q+/0CNOYvESTqsz8QXGZhMMxeipiTcLGpECV18zkSuhBYibeeo5IXxviQ==}
    engines: {node: '>= 18'}
    cpu: [arm64]
    os: [linux]

  '@lancedb/lancedb-linux-x64-gnu@0.17.0':
    resolution: {integrity: sha512-xkGZef0z3idtvij+dflB827zq9Crrb2BvXIESzygl5Y8WzsfwioNKlcAZ5LKHfVSh+seQcPGj7AmXZaPX8f38Q==}
    engines: {node: '>= 18'}
    cpu: [x64]
    os: [linux]

  '@lancedb/lancedb-linux-x64-musl@0.17.0':
    resolution: {integrity: sha512-PktOkmJrM+WTpf3AIgQjD3kiFNO27APDuxvpacOgqWC0lGmFOFcxtJoUYarhiylD0prfUQLXdVW+6hawuTg4rQ==}
    engines: {node: '>= 18'}
    cpu: [x64]
    os: [linux]

  '@lancedb/lancedb-win32-arm64-msvc@0.17.0':
    resolution: {integrity: sha512-NrBUokcsqHEkNgVoiS0oa4iUhY+Zkra4SW32nk5n3bzdaeyQ4tEDiqBUJVcu51POqVh86ngDtNSlt+UpSnCBQA==}
    engines: {node: '>= 18'}
    cpu: [arm64]
    os: [win32]

  '@lancedb/lancedb-win32-x64-msvc@0.17.0':
    resolution: {integrity: sha512-D5e56RDnKzCr41XriNQyeycAWpE2UMZJF5oVocIaFnwqje0emtOWXieVUpRb1it8Tycc76VCNxvjXvMDNhAD0Q==}
    engines: {node: '>= 18'}
    cpu: [x64]
    os: [win32]

  '@lancedb/lancedb@0.17.0':
    resolution: {integrity: sha512-AgQ4dqHBjoEpVdND5tmzhy0OJxwP4gJnEjOz3jVh7ip+8EYhR44wO6XbEhpxvvGfXyyepDrulo3bpL1323eNSg==}
    engines: {node: '>= 18'}
    cpu: [x64, arm64]
    os: [darwin, linux, win32]
    peerDependencies:
      apache-arrow: '>=15.0.0 <=18.1.0'

  '@llama-flow/core@0.4.1':
    resolution: {integrity: sha512-xHhJMRmY16C1pYPWIonmLWPkkjTGuj1iVQCTXOM6sXajQ3r0+mEVERQCjPqf48tvX0K+szbdgxjg6wx+KwVqcg==}
    peerDependencies:
      '@modelcontextprotocol/sdk': ^1.7.0
      hono: ^4.7.4
      next: ^15.2.2
      p-retry: ^6.2.1
      rxjs: ^7.8.2
      zod: ^3.24.2
    peerDependenciesMeta:
      '@modelcontextprotocol/sdk':
        optional: true
      hono:
        optional: true
      next:
        optional: true
      p-retry:
        optional: true
      rxjs:
        optional: true
      zod:
        optional: true

  '@llamaindex/cloud@4.0.9':
    resolution: {integrity: sha512-+tIPghKAzXFvKEPmbJZpcFJgzmxLq/HfSKlJAIinRdrSDBC489oAJsqkt6StxmlFUhWS3ATOtTWpqWZIQ9HtzA==}
    peerDependencies:
      '@llama-flow/core': ^0.4.1
      '@llamaindex/core': 0.6.6
      '@llamaindex/env': 0.1.30

  '@llamaindex/core@0.6.6':
    resolution: {integrity: sha512-UplAAxsv3LnU1EP2kPuyqDtRQmQqYtsI00rVDeexOwgqwNTfGddI0yPRrFTBSNe0q2ttBuPsB7D3M7j4UY3yXQ==}

  '@llamaindex/env@0.1.30':
    resolution: {integrity: sha512-y6kutMcCevzbmexUgz+HXf7KiZemzAoFEYSjAILfR+cG6FmYSF8XvLbGOB34Kx8mlRi7EI8rZXpezJ5qCqOyZg==}
    peerDependencies:
      '@huggingface/transformers': ^3.5.0
      gpt-tokenizer: ^2.5.0
    peerDependenciesMeta:
      '@huggingface/transformers':
        optional: true
      gpt-tokenizer:
        optional: true

  '@llamaindex/node-parser@2.0.6':
    resolution: {integrity: sha512-8vJ7hsh1FKfAfO90nNe/G+/E2hM31dT/+1+0cPpZp02Ez98Jhwj+vTcCRlvyZznCn6DzHNBuw+uP1wKCqylSnQ==}
    peerDependencies:
      '@llamaindex/core': 0.6.6
      '@llamaindex/env': 0.1.30
      tree-sitter: ^0.22.0
      web-tree-sitter: ^0.24.3

  '@llamaindex/openai@0.4.0':
    resolution: {integrity: sha512-acsQ7Dsf+4FYZTw4EgeSRAeKcGuEqufC2hCm/rUdS5d6lTDoE1sOrPs65VCqc3Q5xnCPv7wj+knMZQmvu7O6xg==}
    peerDependencies:
      '@llamaindex/core': 0.6.6
      '@llamaindex/env': 0.1.30

  '@llamaindex/workflow@1.0.3':
    resolution: {integrity: sha512-GzYzLfn12BTQiLVwFr9tGl1Sa7PPVErLLQAJMgvfjUK8cv764SpJGqln8iKTxnKF05HcRrmJeE7ZD9Lzpf7UrA==}
    peerDependencies:
      '@llamaindex/core': 0.6.2
      '@llamaindex/env': 0.1.29
      zod: ^3.23.8

  '@selderee/plugin-htmlparser2@0.11.0':
    resolution: {integrity: sha512-P33hHGdldxGabLFjPPpaTxVolMrzrcegejx+0GxjrIb9Zv48D8yAIA/QTDR2dFl7Uz7urX8aX6+5bCZslr+gWQ==}

  '@smithy/is-array-buffer@2.2.0':
    resolution: {integrity: sha512-GGP3O9QFD24uGeAXYUjwSTXARoqpZykHadOmA8G5vfJPK0/DC67qa//0qvqrJzL1xc8WQWX7/yc7fwudjPHPhA==}
    engines: {node: '>=14.0.0'}

  '@smithy/types@4.3.0':
    resolution: {integrity: sha512-+1iaIQHthDh9yaLhRzaoQxRk+l9xlk+JjMFxGRhNLz+m9vKOkjNeU8QuB4w3xvzHyVR/BVlp/4AXDHjoRIkfgQ==}
    engines: {node: '>=18.0.0'}

  '@smithy/util-buffer-from@2.2.0':
    resolution: {integrity: sha512-IJdWBbTcMQ6DA0gdNhh/BwrLkDR+ADW5Kr1aZmd4k3DIF6ezMV4R2NIAmT08wQJ3yUK82thHWmC/TnK/wpMMIA==}
    engines: {node: '>=14.0.0'}

  '@smithy/util-utf8@2.3.0':
    resolution: {integrity: sha512-R8Rdn8Hy72KKcebgLiv8jQcQkXoLMOGGv5uI1/k0l+snqkOzQ1R0ChUBCxWMlBsFMekWjq0wRudIweFs7sKT5A==}
    engines: {node: '>=14.0.0'}

  '@swc/helpers@0.5.17':
    resolution: {integrity: sha512-5IKx/Y13RsYd+sauPb2x+U/xZikHjolzfuDgTAl/Tdf3Q8rslRvC19NKDLgAJQ6wsqADk10ntlv08nPFw/gO/A==}

  '@types/command-line-args@5.2.3':
    resolution: {integrity: sha512-uv0aG6R0Y8WHZLTamZwtfsDLVRnOa+n+n5rEvFWL5Na5gZ8V2Teab/duDPFzIIIhs9qizDpcavCusCLJZu62Kw==}

  '@types/command-line-usage@5.0.4':
    resolution: {integrity: sha512-BwR5KP3Es/CSht0xqBcUXS3qCAUVXwpRKsV2+arxeb65atasuXG9LykC9Ab10Cw3s2raH92ZqOeILaQbsB2ACg==}

  '@types/lodash@4.17.17':
    resolution: {integrity: sha512-RRVJ+J3J+WmyOTqnz3PiBLA501eKwXl2noseKOrNo/6+XEHjTAxO4xHvxQB6QuNm+s4WRbn6rSiap8+EA+ykFQ==}

  '@types/node-fetch@2.6.12':
    resolution: {integrity: sha512-8nneRWKCg3rMtF69nLQJnOYUcbafYeFSjqkw3jCRLsqkWFlHaoQrr5mXmofFGOx3DKn7UfmBMyov8ySvLRVldA==}

  '@types/node@18.19.103':
    resolution: {integrity: sha512-hHTHp+sEz6SxFsp+SA+Tqrua3AbmlAw+Y//aEwdHrdZkYVRWdvWD3y5uPZ0flYOkgskaFWqZ/YGFm3FaFQ0pRw==}

  '@types/node@20.17.50':
    resolution: {integrity: sha512-Mxiq0ULv/zo1OzOhwPqOA13I81CV/W3nvd3ChtQZRT5Cwz3cr0FKo/wMSsbTqL3EXpaBAEQhva2B8ByRkOIh9A==}

  '@types/node@22.15.21':
    resolution: {integrity: sha512-EV/37Td6c+MgKAbkcLG6vqZ2zEYHD7bvSrzqqs2RIhbA6w3x+Dqz8MZM3sP6kGTeLrdoOgKZe+Xja7tUB2DNkQ==}

  '@types/retry@0.12.2':
    resolution: {integrity: sha512-XISRgDJ2Tc5q4TRqvgJtzsRkFYNJzZrhTdtMoGVBttwzzQJkPnS3WWTFc7kuDRoPtPakl+T+OfdEUjYJj7Jbow==}

  abort-controller@3.0.0:
    resolution: {integrity: sha512-h8lQ8tacZYnR3vNQTgibj+tODHI5/+l06Au2Pcriv/Gmet0eaj4TwWH41sO9wnHDiQsEj19q0drzdWdeAHtweg==}
    engines: {node: '>=6.5'}

  agentkeepalive@4.6.0:
    resolution: {integrity: sha512-kja8j7PjmncONqaTsB8fQ+wE2mSU2DJ9D4XKoJ5PFWIdRMa6SLSN1ff4mOr4jCbfRSsxR4keIiySJU0N9T5hIQ==}
    engines: {node: '>= 8.0.0'}

  ajv@8.17.1:
    resolution: {integrity: sha512-B/gBuNg5SiMTrPkC+A2+cW0RszwxYmn6VYxB/inlBStS5nx6xHIt/ehKRhIMhqusl7a8LjQoZnjCs5vhwxOQ1g==}

  ansi-styles@4.3.0:
    resolution: {integrity: sha512-zbB9rCJAT1rbjiVDb2hqKFHNYLxgtk8NURxZ3IZwD3F6NtxbXZQCnnSi1Lkx+IDohdPlFp222wVALIheZJQSEg==}
    engines: {node: '>=8'}

  apache-arrow@17.0.0:
    resolution: {integrity: sha512-X0p7auzdnGuhYMVKYINdQssS4EcKec9TCXyez/qtJt32DrIMGbzqiaMiQ0X6fQlQpw8Fl0Qygcv4dfRAr5Gu9Q==}
    hasBin: true

  array-back@3.1.0:
    resolution: {integrity: sha512-TkuxA4UCOvxuDK6NZYXCalszEzj+TLszyASooky+i742l9TqsOdYCMJJupxRic61hwquNtppB3hgcuq9SVSH1Q==}
    engines: {node: '>=6'}

  array-back@6.2.2:
    resolution: {integrity: sha512-gUAZ7HPyb4SJczXAMUXMGAvI976JoK3qEx9v1FTmeYuJj0IBiaKttG1ydtGKdkfqWkIkouke7nG8ufGy77+Cvw==}
    engines: {node: '>=12.17'}

  asynckit@0.4.0:
    resolution: {integrity: sha512-Oei9OH4tRh0YqU3GxhX79dM/mwVgvbZJaSNaRk+bshkj0S5cfHcgYakreBjrHwatXKbz+IoIdYLxrKim2MjW0Q==}

  base64-js@1.5.1:
    resolution: {integrity: sha512-AKpaYlHn8t4SVbOHCy+b5+KKgvR4vrsD8vbvrbiQJps7fKDTkjkDry6ji0rUJjC0kzbNePLwzxq8iypo41qeWA==}

  call-bind-apply-helpers@1.0.2:
    resolution: {integrity: sha512-Sp1ablJ0ivDkSzjcaJdxEunN5/XvksFJ2sMBFfq6x0ryhQV/2b/KwFe21cMpmHtPOSij8K99/wSfoEuTObmuMQ==}
    engines: {node: '>= 0.4'}

  chalk-template@0.4.0:
    resolution: {integrity: sha512-/ghrgmhfY8RaSdeo43hNXxpoHAtxdbskUHjPpfqUWGttFgycUhYPGx3YZBCnUCvOa7Doivn1IZec3DEGFoMgLg==}
    engines: {node: '>=12'}

  chalk@4.1.2:
    resolution: {integrity: sha512-oKnbhFyRIXpUuez8iBMmyEa4nbj4IOQyuhc/wy9kY7/WVPcwIO9VA668Pu8RkO7+0G76SLROeyw9CpQ061i4mA==}
    engines: {node: '>=10'}

  color-convert@2.0.1:
    resolution: {integrity: sha512-RRECPsj7iu/xb5oKYcsFHSppFNnsj/52OVTRKb4zP5onXwVF3zVmmToNcOfGC+CRDpfK/U584fMg38ZHCaElKQ==}
    engines: {node: '>=7.0.0'}

  color-name@1.1.4:
    resolution: {integrity: sha512-dOy+3AuW3a2wNbZHIuMZpTcgjGuLU/uBL/ubcZF9OXbDo8ff4O8yVp5Bf0efS8uEoYo5q4Fx7dY9OgQGXgAsQA==}

  combined-stream@1.0.8:
    resolution: {integrity: sha512-FQN4MRfuJeHf7cBbBMJFXhKSDq+2kAArBlmRBvcvFE5BB1HZKXtSFASDhdlz9zOYwxh8lDdnvmMOe/+5cdoEdg==}
    engines: {node: '>= 0.8'}

  command-line-args@5.2.1:
    resolution: {integrity: sha512-H4UfQhZyakIjC74I9d34fGYDwk3XpSr17QhEd0Q3I9Xq1CETHo4Hcuo87WyWHpAF1aSLjLRf5lD9ZGX2qStUvg==}
    engines: {node: '>=4.0.0'}

  command-line-usage@7.0.3:
    resolution: {integrity: sha512-PqMLy5+YGwhMh1wS04mVG44oqDsgyLRSKJBdOo1bnYhMKBW65gZF1dRp2OZRhiTjgUHljy99qkO7bsctLaw35Q==}
    engines: {node: '>=12.20.0'}

  deepmerge@4.3.1:
    resolution: {integrity: sha512-3sUqbMEc77XqpdNO7FRyRog+eW3ph+GYCbj+rK+uYyRMuwsVy0rMiVtPn+QJlKFvWP/1PYpapqYn0Me2knFn+A==}
    engines: {node: '>=0.10.0'}

  delayed-stream@1.0.0:
    resolution: {integrity: sha512-ZySD7Nf91aLB0RxL4KGrKHBXl7Eds1DAmEdcoVawXnLD7SDhpNgtuII2aAkg7a7QS41jxPSZ17p4VdGnMHk3MQ==}
    engines: {node: '>=0.4.0'}

  dom-serializer@2.0.0:
    resolution: {integrity: sha512-wIkAryiqt/nV5EQKqQpo3SToSOV9J0DnbJqwK7Wv/Trc92zIAYZ4FlMu+JPFW1DfGFt81ZTCGgDEabffXeLyJg==}

  domelementtype@2.3.0:
    resolution: {integrity: sha512-OLETBj6w0OsagBwdXnPdN0cnMfF9opN69co+7ZrbfPGrdpPVNBUj02spi6B1N7wChLQiPn4CSH/zJvXw56gmHw==}

  domhandler@5.0.3:
    resolution: {integrity: sha512-cgwlv/1iFQiFnU96XXgROh8xTeetsnJiDsTc7TYCLFd9+/WNkIqPTxiM/8pSd8VIrhXGTf1Ny1q1hquVqDJB5w==}
    engines: {node: '>= 4'}

  domutils@3.2.2:
    resolution: {integrity: sha512-6kZKyUajlDuqlHKVX1w7gyslj9MPIXzIFiz/rGu35uC1wMi+kMhQwGhl4lt9unC9Vb9INnY9Z3/ZA3+FhASLaw==}

  dotenv@16.5.0:
    resolution: {integrity: sha512-m/C+AwOAr9/W1UOIZUo232ejMNnJAJtYQjUbHoNTBNTJSvqzzDh7vnrei3o3r3m9blf6ZoDkvcw0VmozNRFJxg==}
    engines: {node: '>=12'}

  dunder-proto@1.0.1:
    resolution: {integrity: sha512-KIN/nDJBQRcXw0MLVhZE9iQHmG68qAVIBg9CqmUYjmQIhgij9U5MFvrqkUL5FbtyyzZuOeOt0zdeRe4UY7ct+A==}
    engines: {node: '>= 0.4'}

  entities@4.5.0:
    resolution: {integrity: sha512-V0hjH4dGPh9Ao5p0MoRY6BVqtwCjhz6vI5LT8AJ55H+4g9/4vbHx1I54fS0XuclLhDHArPQCiMjDxjaL8fPxhw==}
    engines: {node: '>=0.12'}

  es-define-property@1.0.1:
    resolution: {integrity: sha512-e3nRfgfUZ4rNGL232gUgX06QNyyez04KdjFrF+LTRoOXmrOgFKDg4BCdsjW8EnT69eqdYGmRpJwiPVYNrCaW3g==}
    engines: {node: '>= 0.4'}

  es-errors@1.3.0:
    resolution: {integrity: sha512-Zf5H2Kxt2xjTvbJvP2ZWLEICxA6j+hAmMzIlypy4xcBg1vKVnx89Wy0GbS+kf5cwCVFFzdCFh2XSCFNULS6csw==}
    engines: {node: '>= 0.4'}

  es-object-atoms@1.1.1:
    resolution: {integrity: sha512-FGgH2h8zKNim9ljj7dankFPcICIK9Cp5bm+c2gQSYePhpaG5+esrLODihIorn+Pe6FGJzWhXQotPv73jTaldXA==}
    engines: {node: '>= 0.4'}

  es-set-tostringtag@2.1.0:
    resolution: {integrity: sha512-j6vWzfrGVfyXxge+O0x5sh6cvxAog0a/4Rdd2K36zCMV5eJ+/+tOAngRO8cODMNWbVRdVlmGZQL2YS3yR8bIUA==}
    engines: {node: '>= 0.4'}

  event-target-shim@5.0.1:
    resolution: {integrity: sha512-i/2XbnSz/uxRCU6+NdVJgKWDTM427+MqYbkQzD321DuCQJUqOuJKIA0IM2+W2xtYHdKOmZ4dR6fExsd4SXL+WQ==}
    engines: {node: '>=6'}

  fast-deep-equal@3.1.3:
    resolution: {integrity: sha512-f3qQ9oQy9j2AhBe/H9VC91wLmKBCCU/gDOnKNAYG5hswO7BLKj09Hc5HYNz9cGI++xlpDCIgDaitVs03ATR84Q==}

  fast-uri@3.0.6:
    resolution: {integrity: sha512-Atfo14OibSv5wAp4VWNsFYE1AchQRTv9cBGWET4pZWHzYshFSS9NQI6I57rdKn9croWVMbYFbLhJ+yJvmZIIHw==}

  find-replace@3.0.0:
    resolution: {integrity: sha512-6Tb2myMioCAgv5kfvP5/PkZZ/ntTpVK39fHY7WkWBgvbeE+VHd/tZuZ4mrC+bxh4cfOZeYKVPaJIZtZXV7GNCQ==}
    engines: {node: '>=4.0.0'}

  flatbuffers@24.12.23:
    resolution: {integrity: sha512-dLVCAISd5mhls514keQzmEG6QHmUUsNuWsb4tFafIUwvvgDjXhtfAYSKOzt5SWOy+qByV5pbsDZ+Vb7HUOBEdA==}

  form-data-encoder@1.7.2:
    resolution: {integrity: sha512-qfqtYan3rxrnCk1VYaA4H+Ms9xdpPqvLZa6xmMgFvhO32x7/3J/ExcTd6qpxM0vH2GdMI+poehyBZvqfMTto8A==}

  form-data@4.0.2:
    resolution: {integrity: sha512-hGfm/slu0ZabnNt4oaRZ6uREyfCj6P4fT/n6A1rGV+Z0VdGXjfOhVUpkn6qVQONHGIFwmveGXyDs75+nr6FM8w==}
    engines: {node: '>= 6'}

  formdata-node@4.4.1:
    resolution: {integrity: sha512-0iirZp3uVDjVGt9p49aTaqjk84TrglENEDuqfdlZQ1roC9CWlPk6Avf8EEnZNcAqPonwkG35x4n3ww/1THYAeQ==}
    engines: {node: '>= 12.20'}

  function-bind@1.1.2:
    resolution: {integrity: sha512-7XHNxH7qX9xG5mIwxkhumTox/MIRNcOgDrxWsMt2pAr23WHp6MrRlN7FBSFpCpr+oVO0F744iUgR82nJMfG2SA==}

  get-intrinsic@1.3.0:
    resolution: {integrity: sha512-9fSjSaos/fRIVIp+xSJlE6lfwhES7LNtKaCBIamHsjr2na1BiABJPo0mOjjz8GJDURarmCPGqaiVg5mfjb98CQ==}
    engines: {node: '>= 0.4'}

  get-proto@1.0.1:
    resolution: {integrity: sha512-sTSfBjoXBp89JvIKIefqw7U2CCebsc74kiY6awiGogKtoSGbgjYE/G/+l9sF3MWFPNc9IcoOC4ODfKHfxFmp0g==}
    engines: {node: '>= 0.4'}

  gopd@1.2.0:
    resolution: {integrity: sha512-ZUKRh6/kUFoAiTAtTYPZJ3hw9wNxx+BIBOijnlG9PnrJsCcSjs1wyyD6vJpaYtgnzDrKYRSqf3OO6Rfa93xsRg==}
    engines: {node: '>= 0.4'}

  has-flag@4.0.0:
    resolution: {integrity: sha512-EykJT/Q1KjTWctppgIAgfSO0tKVuZUjhgMr17kqTumMl6Afv3EISleU7qZUzoXDFTAHTDC4NOoG/ZxU3EvlMPQ==}
    engines: {node: '>=8'}

  has-symbols@1.1.0:
    resolution: {integrity: sha512-1cDNdwJ2Jaohmb3sg4OmKaMBwuC48sYni5HUw2DvsC8LjGTLK9h+eb1X6RyuOHe4hT0ULCW68iomhjUoKUqlPQ==}
    engines: {node: '>= 0.4'}

  has-tostringtag@1.0.2:
    resolution: {integrity: sha512-NqADB8VjPFLM2V0VvHUewwwsw0ZWBaIdgo+ieHtK3hasLz4qeCRjYcqfB6AQrBggRKppKF8L52/VqdVsO47Dlw==}
    engines: {node: '>= 0.4'}

  hasown@2.0.2:
    resolution: {integrity: sha512-0hJU9SCPvmMzIBdZFqNPXWa6dqh7WdH0cII9y+CyS8rG3nL48Bclra9HmKhVVUHyPWNH5Y7xDwAB7bfgSjkUMQ==}
    engines: {node: '>= 0.4'}

  html-to-text@9.0.5:
    resolution: {integrity: sha512-qY60FjREgVZL03vJU6IfMV4GDjGBIoOyvuFdpBDIX9yTlDw0TjxVBQp+P8NvpdIXNJvfWBTNul7fsAQJq2FNpg==}
    engines: {node: '>=14'}

  htmlparser2@8.0.2:
    resolution: {integrity: sha512-GYdjWKDkbRLkZ5geuHs5NY1puJ+PXwP7+fHPRz06Eirsb9ugf6d8kkXav6ADhcODhFFPMIXyxkxSuMf3D6NCFA==}

  humanize-ms@1.2.1:
    resolution: {integrity: sha512-Fl70vYtsAFb/C06PTS9dZBo7ihau+Tu/DNCk/OyHhea07S+aeMWpFFkUaXRa8fI+ScZbEI8dfSxwY7gxZ9SAVQ==}

  is-network-error@1.1.0:
    resolution: {integrity: sha512-tUdRRAnhT+OtCZR/LxZelH/C7QtjtFrTu5tXCA8pl55eTUElUHT+GPYV8MBMBvea/j+NxQqVt3LbWMRir7Gx9g==}
    engines: {node: '>=16'}

  js-tiktoken@1.0.20:
    resolution: {integrity: sha512-Xlaqhhs8VfCd6Sh7a1cFkZHQbYTLCwVJJWiHVxBYzLPxW0XsoxBy1hitmjkdIjD3Aon5BXLHFwU5O8WUx6HH+A==}

  json-bignum@0.0.3:
    resolution: {integrity: sha512-2WHyXj3OfHSgNyuzDbSxI1w2jgw5gkWSWhS7Qg4bWXx1nLk3jnbwfUeS0PSba3IzpTUWdHxBieELUzXRjQB2zg==}
    engines: {node: '>=0.8'}

  json-schema-traverse@1.0.0:
    resolution: {integrity: sha512-NM8/P9n3XjXhIZn1lLhkFaACTOURQXjWhV4BA/RnOv8xvgqtqpAX9IO4mRQxSx1Rlo4tqzeqb0sOlruaOy3dug==}

  leac@0.6.0:
    resolution: {integrity: sha512-y+SqErxb8h7nE/fiEX07jsbuhrpO9lL8eca7/Y1nuWV2moNlXhyd59iDGcRf6moVyDMbmTNzL40SUyrFU/yDpg==}

  llamaindex@0.11.1:
    resolution: {integrity: sha512-d+sMHc6b/Lw8S1HhTVtR5hgEkg4uCpADpgZDcpHa/QlSQXvCmSkEdI9DOhoTDMhNWWatKnQZADPDuVzkyysQ3w==}
    engines: {node: '>=18.0.0'}

  lodash.camelcase@4.3.0:
    resolution: {integrity: sha512-TwuEnCnxbc3rAvhf/LbG7tJUDzhqXyFnv3dtzLOPgCG/hODL7WFnsbwktkD7yUV0RrreP/l1PALq/YSg6VvjlA==}

  lodash@4.17.21:
    resolution: {integrity: sha512-v2kDEe57lecTulaDIuNTPy3Ry4gLGJ6Z1O3vE1krgXZNrsQ+LFTGHVxVjcXPs17LhbZVGedAJv8XZ1tvj5FvSg==}

  magic-bytes.js@1.12.1:
    resolution: {integrity: sha512-ThQLOhN86ZkJ7qemtVRGYM+gRgR8GEXNli9H/PMvpnZsE44Xfh3wx9kGJaldg314v85m+bFW6WBMaVHJc/c3zA==}

  math-intrinsics@1.1.0:
    resolution: {integrity: sha512-/IXtbwEk5HTPyEwyKX6hGkYXxM9nbj64B+ilVJnC/R6B0pH5G4V3b0pVbL7DBj4tkhBAppbQUlf6F6Xl9LHu1g==}
    engines: {node: '>= 0.4'}

  mime-db@1.52.0:
    resolution: {integrity: sha512-sPU4uV7dYlvtWJxwwxHD0PuihVNiE7TyAbQ5SWxDCB9mUYvOgroQOwYQQOKPJ8CIbE+1ETVlOoK1UC2nU3gYvg==}
    engines: {node: '>= 0.6'}

  mime-types@2.1.35:
    resolution: {integrity: sha512-ZDY+bPm5zTTF+YpCrAU9nK0UgICYPT0QtT1NZWFv4s++TNkcgVaT0g6+4R2uI4MjQjzysHB1zxuWL50hzaeXiw==}
    engines: {node: '>= 0.6'}

  ms@2.1.3:
    resolution: {integrity: sha512-6FlzubTLZG3J2a/NVCAleEhjzq5oxgHyaCU9yYXvcLsvoVaHJq/s5xXI6/XXP6tz7R9xAOtHnSO/tXtF3WRTlA==}

  node-addon-api@8.3.1:
    resolution: {integrity: sha512-lytcDEdxKjGJPTLEfW4mYMigRezMlyJY8W4wxJK8zE533Jlb8L8dRuObJFWg2P+AuOIxoCgKF+2Oq4d4Zd0OUA==}
    engines: {node: ^18 || ^20 || >= 21}

  node-domexception@1.0.0:
    resolution: {integrity: sha512-/jKZoMpw0F8GRwl4/eLROPA3cfcXtLApP0QzLmUT/HuPCZWyB7IY9ZrMeKw2O/nFIqPQB3PVM9aYm0F312AXDQ==}
    engines: {node: '>=10.5.0'}
    deprecated: Use your platform's native DOMException instead

  node-fetch@2.7.0:
    resolution: {integrity: sha512-c4FRfUm/dbcWZ7U+1Wq0AwCyFL+3nt2bEw05wfxSz+DWpWsitgmSgYmy2dQdWyKC1694ELPqMs/YzUSNozLt8A==}
    engines: {node: 4.x || >=6.0.0}
    peerDependencies:
      encoding: ^0.1.0
    peerDependenciesMeta:
      encoding:
        optional: true

  node-gyp-build@4.8.4:
    resolution: {integrity: sha512-LA4ZjwlnUblHVgq0oBF3Jl/6h/Nvs5fzBLwdEF4nuxnFdsfajde4WfxtJr3CaiH+F6ewcIB/q4jQ4UzPyid+CQ==}
    hasBin: true

  openai@4.100.0:
    resolution: {integrity: sha512-9soq/wukv3utxcuD7TWFqKdKp0INWdeyhUCvxwrne5KwnxaCp4eHL4GdT/tMFhYolxgNhxFzg5GFwM331Z5CZg==}
    hasBin: true
    peerDependencies:
      ws: ^8.18.0
      zod: ^3.23.8
    peerDependenciesMeta:
      ws:
        optional: true
      zod:
        optional: true

  p-retry@6.2.1:
    resolution: {integrity: sha512-hEt02O4hUct5wtwg4H4KcWgDdm+l1bOaEy/hWzd8xtXB9BqxTWBBhb+2ImAtH4Cv4rPjV76xN3Zumqk3k3AhhQ==}
    engines: {node: '>=16.17'}

  parseley@0.12.1:
    resolution: {integrity: sha512-e6qHKe3a9HWr0oMRVDTRhKce+bRO8VGQR3NyVwcjwrbhMmFCX9KszEV35+rn4AdilFAq9VPxP/Fe1wC9Qjd2lw==}

  pathe@1.1.2:
    resolution: {integrity: sha512-whLdWMYL2TwI08hn8/ZqAbrVemu0LNaNNJZX73O6qaIdCTfXutsLhMkjdENX0qhsQ9uIimo4/aQOmXkoon2nDQ==}

  peberminta@0.9.0:
    resolution: {integrity: sha512-XIxfHpEuSJbITd1H3EeQwpcZbTLHc+VVr8ANI9t5sit565tsI4/xK3KWTUFE2e6QiangUkh3B0jihzmGnNrRsQ==}

  reflect-metadata@0.2.2:
    resolution: {integrity: sha512-urBwgfrvVP/eAyXx4hluJivBKzuEbSQs9rKWCrCkbSxNv8mxPcUZKeuoF3Uy4mJl3Lwprp6yy5/39VWigZ4K6Q==}

  require-from-string@2.0.2:
    resolution: {integrity: sha512-Xf0nWe6RseziFMu+Ap9biiUbmplq6S9/p+7w7YXP/JBHhrUDDUhwa+vANyubuqfZWTveU//DYVGsDG7RKL/vEw==}
    engines: {node: '>=0.10.0'}

  retry@0.13.1:
    resolution: {integrity: sha512-XQBQ3I8W1Cge0Seh+6gjj03LbmRFWuoszgK9ooCpwYIrhhoO80pfq4cUkU5DkknwfOfFteRwlZ56PYOGYyFWdg==}
    engines: {node: '>= 4'}

  selderee@0.11.0:
    resolution: {integrity: sha512-5TF+l7p4+OsnP8BCCvSyZiSPc4x4//p5uPwK8TCnVPJYRmU2aYKMpOXvw8zM5a5JvuuCGN1jmsMwuU2W02ukfA==}

  supports-color@7.2.0:
    resolution: {integrity: sha512-qpCAvRl9stuOHveKsn7HncJRvv501qIacKzQlO/+Lwxc9+0q2wLyv4Dfvt80/DPn2pqOBsJdDiogXGR9+OvwRw==}
    engines: {node: '>=8'}

  table-layout@4.1.1:
    resolution: {integrity: sha512-iK5/YhZxq5GO5z8wb0bY1317uDF3Zjpha0QFFLA8/trAoiLbQD0HUbMesEaxyzUgDxi2QlcbM8IvqOlEjgoXBA==}
    engines: {node: '>=12.17'}

  tr46@0.0.3:
    resolution: {integrity: sha512-N3WMsuqV66lT30CrXNbEjx4GEwlow3v6rr4mCcv6prnfwhS01rkgyFdjPNBYd9br7LpXV1+Emh01fHnq2Gdgrw==}

  tree-sitter@0.22.4:
    resolution: {integrity: sha512-usbHZP9/oxNsUY65MQUsduGRqDHQOou1cagUSwjhoSYAmSahjQDAVsh9s+SlZkn8X8+O1FULRGwHu7AFP3kjzg==}

  tslib@2.8.1:
    resolution: {integrity: sha512-oJFu94HQb+KVduSUQL7wnpmqnfmLsOA/nAh6b6EH0wCEoK0/mPeXU6c3wKDV83MkOuHPRHtSXKKU99IBazS/2w==}

  typical@4.0.0:
    resolution: {integrity: sha512-VAH4IvQ7BDFYglMd7BPRDfLgxZZX4O4TFcRDA6EN5X7erNJJq+McIEp8np9aVtxrCJ6qx4GTYVfOWNjcqwZgRw==}
    engines: {node: '>=8'}

  typical@7.3.0:
    resolution: {integrity: sha512-ya4mg/30vm+DOWfBg4YK3j2WD6TWtRkCbasOJr40CseYENzCUby/7rIvXA99JGsQHeNxLbnXdyLLxKSv3tauFw==}
    engines: {node: '>=12.17'}

  undici-types@5.26.5:
    resolution: {integrity: sha512-JlCMO+ehdEIKqlFxk6IfVoAUVmgz7cU7zD/h9XZ0qzeosSHmUJVOzSQvvYSYWXkFXC+IfLKSIffhv0sVZup6pA==}

  undici-types@6.19.8:
    resolution: {integrity: sha512-ve2KP6f/JnbPBFyobGHuerC9g1FYGn/F8n1LWTwNxCEzd6IfqTwUQcNXgEtmmQ6DlRrC1hrSrBnCZPokRrDHjw==}

  undici-types@6.21.0:
    resolution: {integrity: sha512-iwDZqg0QAGrg9Rav5H4n0M64c3mkR59cJ6wQp+7C4nI0gsmExaedaYLNO44eT4AtBBwjbTiGPMlt2Md0T9H9JQ==}

  web-streams-polyfill@4.0.0-beta.3:
    resolution: {integrity: sha512-QW95TCTaHmsYfHDybGMwO5IJIM93I/6vTRk+daHTWFPhwh+C8Cg7j7XyKrwrj8Ib6vYXe0ocYNrmzY4xAAN6ug==}
    engines: {node: '>= 14'}

  web-tree-sitter@0.24.7:
    resolution: {integrity: sha512-CdC/TqVFbXqR+C51v38hv6wOPatKEUGxa39scAeFSm98wIhZxAYonhRQPSMmfZ2w7JDI0zQDdzdmgtNk06/krQ==}

  webidl-conversions@3.0.1:
    resolution: {integrity: sha512-2JAn3z8AR6rjK8Sm8orRC0h/bcl/DqL7tRPdGZ4I1CjdF+EaMLmYxBHyXuKL849eucPFhvBoxMsflfOb8kxaeQ==}

  whatwg-url@5.0.0:
    resolution: {integrity: sha512-saE57nupxk6v3HY35+jzBwYa0rKSy0XR8JSxZPwgLr7ys0IBzhGviA1/TUGJLmSVqs8pb9AnvICXEuOHLprYTw==}

  wordwrapjs@5.1.0:
    resolution: {integrity: sha512-JNjcULU2e4KJwUNv6CHgI46UvDGitb6dGryHajXTDiLgg1/RiGoPSDw4kZfYnwGtEXf2ZMeIewDQgFGzkCB2Sg==}
    engines: {node: '>=12.17'}

  zod-to-json-schema@3.24.5:
    resolution: {integrity: sha512-/AuWwMP+YqiPbsJx5D6TfgRTc4kTLjsh5SOcd4bLsfUg2RcEXrFMJl1DGgdHy2aCfsIA/cr/1JM0xcB2GZji8g==}
    peerDependencies:
      zod: ^3.24.1

  zod@3.25.17:
    resolution: {integrity: sha512-8hQzQ/kMOIFbwOgPrm9Sf9rtFHpFUMy4HvN0yEB0spw14aYi0uT5xG5CE2DB9cd51GWNsz+DNO7se1kztHMKnw==}

snapshots:

  '@aws-crypto/sha256-js@5.2.0':
    dependencies:
      '@aws-crypto/util': 5.2.0
      '@aws-sdk/types': 3.804.0
      tslib: 2.8.1

  '@aws-crypto/util@5.2.0':
    dependencies:
      '@aws-sdk/types': 3.804.0
      '@smithy/util-utf8': 2.3.0
      tslib: 2.8.1

  '@aws-sdk/types@3.804.0':
    dependencies:
      '@smithy/types': 4.3.0
      tslib: 2.8.1

  '@lancedb/lancedb-darwin-arm64@0.17.0':
    optional: true

  '@lancedb/lancedb-darwin-x64@0.17.0':
    optional: true

  '@lancedb/lancedb-linux-arm64-gnu@0.17.0':
    optional: true

  '@lancedb/lancedb-linux-arm64-musl@0.17.0':
    optional: true

  '@lancedb/lancedb-linux-x64-gnu@0.17.0':
    optional: true

  '@lancedb/lancedb-linux-x64-musl@0.17.0':
    optional: true

  '@lancedb/lancedb-win32-arm64-msvc@0.17.0':
    optional: true

  '@lancedb/lancedb-win32-x64-msvc@0.17.0':
    optional: true

  '@lancedb/lancedb@0.17.0(apache-arrow@17.0.0)':
    dependencies:
      apache-arrow: 17.0.0
      reflect-metadata: 0.2.2
    optionalDependencies:
      '@lancedb/lancedb-darwin-arm64': 0.17.0
      '@lancedb/lancedb-darwin-x64': 0.17.0
      '@lancedb/lancedb-linux-arm64-gnu': 0.17.0
      '@lancedb/lancedb-linux-arm64-musl': 0.17.0
      '@lancedb/lancedb-linux-x64-gnu': 0.17.0
      '@lancedb/lancedb-linux-x64-musl': 0.17.0
      '@lancedb/lancedb-win32-arm64-msvc': 0.17.0
      '@lancedb/lancedb-win32-x64-msvc': 0.17.0

  '@llama-flow/core@0.4.1(p-retry@6.2.1)(zod@3.25.17)':
    optionalDependencies:
      p-retry: 6.2.1
      zod: 3.25.17

  '@llamaindex/cloud@4.0.9(@llama-flow/core@0.4.1(p-retry@6.2.1)(zod@3.25.17))(@llamaindex/core@0.6.6)(@llamaindex/env@0.1.30)':
    dependencies:
      '@llama-flow/core': 0.4.1(p-retry@6.2.1)(zod@3.25.17)
      '@llamaindex/core': 0.6.6
      '@llamaindex/env': 0.1.30
      p-retry: 6.2.1
      zod: 3.25.17

  '@llamaindex/core@0.6.6':
    dependencies:
      '@llamaindex/env': 0.1.30
      '@types/node': 22.15.21
      magic-bytes.js: 1.12.1
      zod: 3.25.17
      zod-to-json-schema: 3.24.5(zod@3.25.17)
    transitivePeerDependencies:
      - '@huggingface/transformers'
      - gpt-tokenizer

  '@llamaindex/env@0.1.30':
    dependencies:
      '@aws-crypto/sha256-js': 5.2.0
      js-tiktoken: 1.0.20
      pathe: 1.1.2

  '@llamaindex/node-parser@2.0.6(@llamaindex/core@0.6.6)(@llamaindex/env@0.1.30)(tree-sitter@0.22.4)(web-tree-sitter@0.24.7)':
    dependencies:
      '@llamaindex/core': 0.6.6
      '@llamaindex/env': 0.1.30
      html-to-text: 9.0.5
      tree-sitter: 0.22.4
      web-tree-sitter: 0.24.7

  '@llamaindex/openai@0.4.0(@llamaindex/core@0.6.6)(@llamaindex/env@0.1.30)(zod@3.25.17)':
    dependencies:
      '@llamaindex/core': 0.6.6
      '@llamaindex/env': 0.1.30
      openai: 4.100.0(zod@3.25.17)
    transitivePeerDependencies:
      - encoding
      - ws
      - zod

  '@llamaindex/workflow@1.0.3(@llamaindex/core@0.6.6)(@llamaindex/env@0.1.30)(zod@3.25.17)':
    dependencies:
      '@llamaindex/core': 0.6.6
      '@llamaindex/env': 0.1.30
      zod: 3.25.17

  '@selderee/plugin-htmlparser2@0.11.0':
    dependencies:
      domhandler: 5.0.3
      selderee: 0.11.0

  '@smithy/is-array-buffer@2.2.0':
    dependencies:
      tslib: 2.8.1

  '@smithy/types@4.3.0':
    dependencies:
      tslib: 2.8.1

  '@smithy/util-buffer-from@2.2.0':
    dependencies:
      '@smithy/is-array-buffer': 2.2.0
      tslib: 2.8.1

  '@smithy/util-utf8@2.3.0':
    dependencies:
      '@smithy/util-buffer-from': 2.2.0
      tslib: 2.8.1

  '@swc/helpers@0.5.17':
    dependencies:
      tslib: 2.8.1

  '@types/command-line-args@5.2.3': {}

  '@types/command-line-usage@5.0.4': {}

  '@types/lodash@4.17.17': {}

  '@types/node-fetch@2.6.12':
    dependencies:
      '@types/node': 22.15.21
      form-data: 4.0.2

  '@types/node@18.19.103':
    dependencies:
      undici-types: 5.26.5

  '@types/node@20.17.50':
    dependencies:
      undici-types: 6.19.8

  '@types/node@22.15.21':
    dependencies:
      undici-types: 6.21.0

  '@types/retry@0.12.2': {}

  abort-controller@3.0.0:
    dependencies:
      event-target-shim: 5.0.1

  agentkeepalive@4.6.0:
    dependencies:
      humanize-ms: 1.2.1

  ajv@8.17.1:
    dependencies:
      fast-deep-equal: 3.1.3
      fast-uri: 3.0.6
      json-schema-traverse: 1.0.0
      require-from-string: 2.0.2

  ansi-styles@4.3.0:
    dependencies:
      color-convert: 2.0.1

  apache-arrow@17.0.0:
    dependencies:
      '@swc/helpers': 0.5.17
      '@types/command-line-args': 5.2.3
      '@types/command-line-usage': 5.0.4
      '@types/node': 20.17.50
      command-line-args: 5.2.1
      command-line-usage: 7.0.3
      flatbuffers: 24.12.23
      json-bignum: 0.0.3
      tslib: 2.8.1

  array-back@3.1.0: {}

  array-back@6.2.2: {}

  asynckit@0.4.0: {}

  base64-js@1.5.1: {}

  call-bind-apply-helpers@1.0.2:
    dependencies:
      es-errors: 1.3.0
      function-bind: 1.1.2

  chalk-template@0.4.0:
    dependencies:
      chalk: 4.1.2

  chalk@4.1.2:
    dependencies:
      ansi-styles: 4.3.0
      supports-color: 7.2.0

  color-convert@2.0.1:
    dependencies:
      color-name: 1.1.4

  color-name@1.1.4: {}

  combined-stream@1.0.8:
    dependencies:
      delayed-stream: 1.0.0

  command-line-args@5.2.1:
    dependencies:
      array-back: 3.1.0
      find-replace: 3.0.0
      lodash.camelcase: 4.3.0
      typical: 4.0.0

  command-line-usage@7.0.3:
    dependencies:
      array-back: 6.2.2
      chalk-template: 0.4.0
      table-layout: 4.1.1
      typical: 7.3.0

  deepmerge@4.3.1: {}

  delayed-stream@1.0.0: {}

  dom-serializer@2.0.0:
    dependencies:
      domelementtype: 2.3.0
      domhandler: 5.0.3
      entities: 4.5.0

  domelementtype@2.3.0: {}

  domhandler@5.0.3:
    dependencies:
      domelementtype: 2.3.0

  domutils@3.2.2:
    dependencies:
      dom-serializer: 2.0.0
      domelementtype: 2.3.0
      domhandler: 5.0.3

  dotenv@16.5.0: {}

  dunder-proto@1.0.1:
    dependencies:
      call-bind-apply-helpers: 1.0.2
      es-errors: 1.3.0
      gopd: 1.2.0

  entities@4.5.0: {}

  es-define-property@1.0.1: {}

  es-errors@1.3.0: {}

  es-object-atoms@1.1.1:
    dependencies:
      es-errors: 1.3.0

  es-set-tostringtag@2.1.0:
    dependencies:
      es-errors: 1.3.0
      get-intrinsic: 1.3.0
      has-tostringtag: 1.0.2
      hasown: 2.0.2

  event-target-shim@5.0.1: {}

  fast-deep-equal@3.1.3: {}

  fast-uri@3.0.6: {}

  find-replace@3.0.0:
    dependencies:
      array-back: 3.1.0

  flatbuffers@24.12.23: {}

  form-data-encoder@1.7.2: {}

  form-data@4.0.2:
    dependencies:
      asynckit: 0.4.0
      combined-stream: 1.0.8
      es-set-tostringtag: 2.1.0
      mime-types: 2.1.35

  formdata-node@4.4.1:
    dependencies:
      node-domexception: 1.0.0
      web-streams-polyfill: 4.0.0-beta.3

  function-bind@1.1.2: {}

  get-intrinsic@1.3.0:
    dependencies:
      call-bind-apply-helpers: 1.0.2
      es-define-property: 1.0.1
      es-errors: 1.3.0
      es-object-atoms: 1.1.1
      function-bind: 1.1.2
      get-proto: 1.0.1
      gopd: 1.2.0
      has-symbols: 1.1.0
      hasown: 2.0.2
      math-intrinsics: 1.1.0

  get-proto@1.0.1:
    dependencies:
      dunder-proto: 1.0.1
      es-object-atoms: 1.1.1

  gopd@1.2.0: {}

  has-flag@4.0.0: {}

  has-symbols@1.1.0: {}

  has-tostringtag@1.0.2:
    dependencies:
      has-symbols: 1.1.0

  hasown@2.0.2:
    dependencies:
      function-bind: 1.1.2

  html-to-text@9.0.5:
    dependencies:
      '@selderee/plugin-htmlparser2': 0.11.0
      deepmerge: 4.3.1
      dom-serializer: 2.0.0
      htmlparser2: 8.0.2
      selderee: 0.11.0

  htmlparser2@8.0.2:
    dependencies:
      domelementtype: 2.3.0
      domhandler: 5.0.3
      domutils: 3.2.2
      entities: 4.5.0

  humanize-ms@1.2.1:
    dependencies:
      ms: 2.1.3

  is-network-error@1.1.0: {}

  js-tiktoken@1.0.20:
    dependencies:
      base64-js: 1.5.1

  json-bignum@0.0.3: {}

  json-schema-traverse@1.0.0: {}

  leac@0.6.0: {}

  llamaindex@0.11.1(@llama-flow/core@0.4.1(p-retry@6.2.1)(zod@3.25.17))(tree-sitter@0.22.4)(web-tree-sitter@0.24.7)(zod@3.25.17):
    dependencies:
      '@llamaindex/cloud': 4.0.9(@llama-flow/core@0.4.1(p-retry@6.2.1)(zod@3.25.17))(@llamaindex/core@0.6.6)(@llamaindex/env@0.1.30)
      '@llamaindex/core': 0.6.6
      '@llamaindex/env': 0.1.30
      '@llamaindex/node-parser': 2.0.6(@llamaindex/core@0.6.6)(@llamaindex/env@0.1.30)(tree-sitter@0.22.4)(web-tree-sitter@0.24.7)
      '@llamaindex/workflow': 1.0.3(@llamaindex/core@0.6.6)(@llamaindex/env@0.1.30)(zod@3.25.17)
      '@types/lodash': 4.17.17
      '@types/node': 22.15.21
      ajv: 8.17.1
      lodash: 4.17.21
      magic-bytes.js: 1.12.1
    transitivePeerDependencies:
      - '@huggingface/transformers'
      - '@llama-flow/core'
      - gpt-tokenizer
      - tree-sitter
      - web-tree-sitter
      - zod

  lodash.camelcase@4.3.0: {}

  lodash@4.17.21: {}

  magic-bytes.js@1.12.1: {}

  math-intrinsics@1.1.0: {}

  mime-db@1.52.0: {}

  mime-types@2.1.35:
    dependencies:
      mime-db: 1.52.0

  ms@2.1.3: {}

  node-addon-api@8.3.1: {}

  node-domexception@1.0.0: {}

  node-fetch@2.7.0:
    dependencies:
      whatwg-url: 5.0.0

  node-gyp-build@4.8.4: {}

  openai@4.100.0(zod@3.25.17):
    dependencies:
      '@types/node': 18.19.103
      '@types/node-fetch': 2.6.12
      abort-controller: 3.0.0
      agentkeepalive: 4.6.0
      form-data-encoder: 1.7.2
      formdata-node: 4.4.1
      node-fetch: 2.7.0
    optionalDependencies:
      zod: 3.25.17
    transitivePeerDependencies:
      - encoding

  p-retry@6.2.1:
    dependencies:
      '@types/retry': 0.12.2
      is-network-error: 1.1.0
      retry: 0.13.1

  parseley@0.12.1:
    dependencies:
      leac: 0.6.0
      peberminta: 0.9.0

  pathe@1.1.2: {}

  peberminta@0.9.0: {}

  reflect-metadata@0.2.2: {}

  require-from-string@2.0.2: {}

  retry@0.13.1: {}

  selderee@0.11.0:
    dependencies:
      parseley: 0.12.1

  supports-color@7.2.0:
    dependencies:
      has-flag: 4.0.0

  table-layout@4.1.1:
    dependencies:
      array-back: 6.2.2
      wordwrapjs: 5.1.0

  tr46@0.0.3: {}

  tree-sitter@0.22.4:
    dependencies:
      node-addon-api: 8.3.1
      node-gyp-build: 4.8.4

  tslib@2.8.1: {}

  typical@4.0.0: {}

  typical@7.3.0: {}

  undici-types@5.26.5: {}

  undici-types@6.19.8: {}

  undici-types@6.21.0: {}

  web-streams-polyfill@4.0.0-beta.3: {}

  web-tree-sitter@0.24.7: {}

  webidl-conversions@3.0.1: {}

  whatwg-url@5.0.0:
    dependencies:
      tr46: 0.0.3
      webidl-conversions: 3.0.1

  wordwrapjs@5.1.0: {}

  zod-to-json-schema@3.24.5(zod@3.25.17):
    dependencies:
      zod: 3.25.17

  zod@3.25.17: {}
